
Microsoft Visual Studio Solution File, Format Version 12.00
# Visual Studio Version 17
VisualStudioVersion = 17.12.35527.113 d17.12
MinimumVisualStudioVersion = 10.0.40219.1
Project("{FAE04EC0-301F-11D3-BF4B-00C04F79EFBC}") = "HealthyNutritionApp", "HealthyNutritionApp\HealthyNutritionApp.csproj", "{B5A05A8B-CB67-47EE-A771-AF4FCAC48898}"
EndProject
Project("{FAE04EC0-301F-11D3-BF4B-00C04F79EFBC}") = "HealthyNutritionApp.Application", "HealthyNutritionApp.Application\HealthyNutritionApp.Application.csproj", "{2A0D4977-2C3E-4391-855E-1DC5D17B5EEE}"
EndProject
Project("{FAE04EC0-301F-11D3-BF4B-00C04F79EFBC}") = "HealthyNutritionApp.Domain", "HealthyNutritionApp.Domain\HealthyNutritionApp.Domain.csproj", "{51CA3DF2-FED3-4719-B45C-10889002D005}"
EndProject
Project("{FAE04EC0-301F-11D3-BF4B-00C04F79EFBC}") = "HealthyNutritionApp.Infrastructure", "HealthyNutritionApp.Infrastructure\HealthyNutritionApp.Infrastructure.csproj", "{B5446D2D-7109-4636-A637-4562E698DA8E}"
EndProject
Global
	GlobalSection(SolutionConfigurationPlatforms) = preSolution
		Debug|Any CPU = Debug|Any CPU
		Release|Any CPU = Release|Any CPU
	EndGlobalSection
	GlobalSection(ProjectConfigurationPlatforms) = postSolution
		{B5A05A8B-CB67-47EE-A771-AF4FCAC48898}.Debug|Any CPU.ActiveCfg = Debug|Any CPU
		{B5A05A8B-CB67-47EE-A771-AF4FCAC48898}.Debug|Any CPU.Build.0 = Debug|Any CPU
		{B5A05A8B-CB67-47EE-A771-AF4FCAC48898}.Release|Any CPU.ActiveCfg = Release|Any CPU
		{B5A05A8B-CB67-47EE-A771-AF4FCAC48898}.Release|Any CPU.Build.0 = Release|Any CPU
		{2A0D4977-2C3E-4391-855E-1DC5D17B5EEE}.Debug|Any CPU.ActiveCfg = Debug|Any CPU
		{2A0D4977-2C3E-4391-855E-1DC5D17B5EEE}.Debug|Any CPU.Build.0 = Debug|Any CPU
		{2A0D4977-2C3E-4391-855E-1DC5D17B5EEE}.Release|Any CPU.ActiveCfg = Release|Any CPU
		{2A0D4977-2C3E-4391-855E-1DC5D17B5EEE}.Release|Any CPU.Build.0 = Release|Any CPU
		{51CA3DF2-FED3-4719-B45C-10889002D005}.Debug|Any CPU.ActiveCfg = Debug|Any CPU
		{51CA3DF2-FED3-4719-B45C-10889002D005}.Debug|Any CPU.Build.0 = Debug|Any CPU
		{51CA3DF2-FED3-4719-B45C-10889002D005}.Release|Any CPU.ActiveCfg = Release|Any CPU
		{51CA3DF2-FED3-4719-B45C-10889002D005}.Release|Any CPU.Build.0 = Release|Any CPU
		{B5446D2D-7109-4636-A637-4562E698DA8E}.Debug|Any CPU.ActiveCfg = Debug|Any CPU
		{B5446D2D-7109-4636-A637-4562E698DA8E}.Debug|Any CPU.Build.0 = Debug|Any CPU
		{B5446D2D-7109-4636-A637-4562E698DA8E}.Release|Any CPU.ActiveCfg = Release|Any CPU
		{B5446D2D-7109-4636-A637-4562E698DA8E}.Release|Any CPU.Build.0 = Release|Any CPU
	EndGlobalSection
	GlobalSection(SolutionProperties) = preSolution
		HideSolutionNode = FALSE
	EndGlobalSection
EndGlobal
